// !$*UTF8*$!
{
	archiveVersion = 1;
	classes = {
	};
	objectVersion = 46;
	objects = {

/* Begin PBXBuildFile section */
		72FBE9E81C9C4DA50084A2BA /* AppDelegate.swift in Sources */ = {isa = PBXBuildFile; fileRef = 72FBE9E71C9C4DA50084A2BA /* AppDelegate.swift */; };
		72FBE9EA1C9C4DA50084A2BA /* ViewController.swift in Sources */ = {isa = PBXBuildFile; fileRef = 72FBE9E91C9C4DA50084A2BA /* ViewController.swift */; };
		72FBE9ED1C9C4DA50084A2BA /* Main.storyboard in Resources */ = {isa = PBXBuildFile; fileRef = 72FBE9EB1C9C4DA50084A2BA /* Main.storyboard */; };
		72FBE9EF1C9C4DA50084A2BA /* Assets.xcassets in Resources */ = {isa = PBXBuildFile; fileRef = 72FBE9EE1C9C4DA50084A2BA /* Assets.xcassets */; };
		72FBE9F21C9C4DA50084A2BA /* LaunchScreen.storyboard in Resources */ = {isa = PBXBuildFile; fileRef = 72FBE9F01C9C4DA50084A2BA /* LaunchScreen.storyboard */; };
/* End PBXBuildFile section */

/* Begin PBXFileReference section */
		72FBE9E41C9C4DA50084A2BA /* SecondKadaiApp.app */ = {isa = PBXFileReference; explicitFileType = wrapper.application; includeInIndex = 0; path = SecondKadaiApp.app; sourceTree = BUILT_PRODUCTS_DIR; };
		72FBE9E71C9C4DA50084A2BA /* AppDelegate.swift */ = {isa = PBXFileReference; lastKnownFileType = sourcecode.swift; path = AppDelegate.swift; sourceTree = "<group>"; };
		72FBE9E91C9C4DA50084A2BA /* ViewController.swift */ = {isa = PBXFileReference; lastKnownFileType = sourcecode.swift; path = ViewController.swift; sourceTree = "<group>"; };
		72FBE9EC1C9C4DA50084A2BA /* Base */ = {isa = PBXFileReference; lastKnownFileType = file.storyboard; name = Base; path = Base.lproj/Main.storyboard; sourceTree = "<group>"; };
		72FBE9EE1C9C4DA50084A2BA /* Assets.xcassets */ = {isa = PBXFileReference; lastKnownFileType = folder.assetcatalog; path = Assets.xcassets; sourceTree = "<group>"; };
		72FBE9F11C9C4DA50084A2BA /* Base */ = {isa = PBXFileReference; lastKnownFileType = file.storyboard; name = Base; path = Base.lproj/LaunchScreen.storyboard; sourceTree = "<group>"; };
		72FBE9F31C9C4DA50084A2BA /* Info.plist */ = {isa = PBXFileReference; lastKnownFileType = text.plist.xml; path = Info.plist; sourceTree = "<group>"; };
/* End PBXFileReference section */

/* Begin PBXFrameworksBuildPhase section */
		72FBE9E11C9C4DA50084A2BA /* Frameworks */ = {
			isa = PBXFrameworksBuildPhase;
			buildActionMask = 2147483647;
			files = (
			);
			runOnlyForDeploymentPostprocessing = 0;
		};
/* End PBXFrameworksBuildPhase section */

/* Begin PBXGroup section */
		72FBE9DB1C9C4DA50084A2BA = {
			isa = PBXGroup;
			children = (
				72FBE9E61C9C4DA50084A2BA /* SecondKadaiApp */,
				72FBE9E51C9C4DA50084A2BA /* Products */,
			);
			sourceTree = "<group>";
		};
		72FBE9E51C9C4DA50084A2BA /* Products */ = {
			isa = PBXGroup;
			children = (
				72FBE9E41C9C4DA50084A2BA /* SecondKadaiApp.app */,
			);
			name = Products;
			sourceTree = "<group>";
		};
		72FBE9E61C9C4DA50084A2BA /* SecondKadaiApp */ = {
			isa = PBXGroup;
			children = (
				72FBE9E71C9C4DA50084A2BA /* AppDelegate.swift */,
				72FBE9E91C9C4DA50084A2BA /* ViewController.swift */,
				72FBE9EB1C9C4DA50084A2BA /* Main.storyboard */,
				72FBE9EE1C9C4DA50084A2BA /* Assets.xcassets */,
				72FBE9F01C9C4DA50084A2BA /* LaunchScreen.storyboard */,
				72FBE9F31C9C4DA50084A2BA /* Info.plist */,
			);
			path = SecondKadaiApp;
			sourceTree = "<group>";
		};
/* End PBXGroup section */

/* Begin PBXNativeTarget section */
		72FBE9E31C9C4DA50084A2BA /* SecondKadaiApp */ = {
			isa = PBXNativeTarget;
			buildConfigurationList = 72FBE9F61C9C4DA50084A2BA /* Build configuration list for PBXNativeTarget "SecondKadaiApp" */;
			buildPhases = (
				72FBE9E01C9C4DA50084A2BA /* Sources */,
				72FBE9E11C9C4DA50084A2BA /* Frameworks */,
				72FBE9E21C9C4DA50084A2BA /* Resources */,
			);
			buildRules = (
			);
			dependencies = (
			);
			name = SecondKadaiApp;
			productName = SecondKadaiApp;
			productReference = 72FBE9E41C9C4DA50084A2BA /* SecondKadaiApp.app */;
			productType = "com.apple.product-type.application";
		};
/* End PBXNativeTarget section */

/* Begin PBXProject section */
		72FBE9DC1C9C4DA50084A2BA /* Project object */ = {
			isa = PBXProject;
			attributes = {
				LastSwiftUpdateCheck = 0720;
				LastUpgradeCheck = 0720;
				ORGANIZATIONNAME = "Yoshifumi Hidaka";
				TargetAttributes = {
					72FBE9E31C9C4DA50084A2BA = {
						CreatedOnToolsVersion = 7.2.1;
						DevelopmentTeam = 46W363ZKWE;
					};
				};
			};
			buildConfigurationList = 72FBE9DF1C9C4DA50084A2BA /* Build configuration list for PBXProject "SecondKadaiApp" */;
			compatibilityVersion = "Xcode 3.2";
			developmentRegion = English;
			hasScannedForEncodings = 0;
			knownRegions = (
				en,
				Base,
			);
			mainGroup = 72FBE9DB1C9C4DA50084A2BA;
			productRefGroup = 72FBE9E51C9C4DA50084A2BA /* Products */;
			projectDirPath = "";
			projectRoot = "";
			targets = (
				72FBE9E31C9C4DA50084A2BA /* SecondKadaiApp */,
			);
		};
/* End PBXProject section */

/* Begin PBXResourcesBuildPhase section */
		72FBE9E21C9C4DA50084A2BA /* Resources */ = {
			isa = PBXResourcesBuildPhase;
			buildActionMask = 2147483647;
			files = (
				72FBE9F21C9C4DA50084A2BA /* LaunchScreen.storyboard in Resources */,
				72FBE9EF1C9C4DA50084A2BA /* Assets.xcassets in Resources */,
				72FBE9ED1C9C4DA50084A2BA /* Main.storyboard in Resources */,
			);
			runOnlyForDeploymentPostprocessing = 0;
		};
/* End PBXResourcesBuildPhase section */

/* Begin PBXSourcesBuildPhase section */
		72FBE9E01C9C4DA50084A2BA /* Sources */ = {
			isa = PBXSourcesBuildPhase;
			buildActionMask = 2147483647;
			files = (
				72FBE9EA1C9C4DA50084A2BA /* ViewController.swift in Sources */,
				72FBE9E81C9C4DA50084A2BA /* AppDelegate.swift in Sources */,
			);
			runOnlyForDeploymentPostprocessing = 0;
		};
/* End PBXSourcesBuildPhase section */

/* Begin PBXVariantGroup section */
		72FBE9EB1C9C4DA50084A2BA /* Main.storyboard */ = {
			isa = PBXVariantGroup;
			children = (
				72FBE9EC1C9C4DA50084A2BA /* Base */,
			);
			name = Main.storyboard;
			sourceTree = "<group>";
		};
		72FBE9F01C9C4DA50084A2BA /* LaunchScreen.storyboard */ = {
			isa = PBXVariantGroup;
			children = (
				72FBE9F11C9C4DA50084A2BA /* Base */,
			);
			name = LaunchScreen.storyboard;
			sourceTree = "<group>";
		};
/* End PBXVariantGroup section */

/* Begin XCBuildConfiguration section */
		72FBE9F41C9C4DA50084A2BA /* Debug */ = {
			isa = XCBuildConfiguration;
			buildSettings = {
				ALWAYS_SEARCH_USER_PATHS = NO;
				CLANG_CXX_LANGUAGE_STANDARD = "gnu++0x";
				CLANG_CXX_LIBRARY = "libc++";
				CLANG_ENABLE_MODULES = YES;
				CLANG_ENABLE_OBJC_ARC = YES;
				CLANG_WARN_BOOL_CONVERSION = YES;
				CLANG_WARN_CONSTANT_CONVERSION = YES;
				CLANG_WARN_DIRECT_OBJC_ISA_USAGE = YES_ERROR;
				CLANG_WARN_EMPTY_BODY = YES;
				CLANG_WARN_ENUM_CONVERSION = YES;
				CLANG_WARN_INT_CONVERSION = YES;
				CLANG_WARN_OBJC_ROOT_CLASS = YES_ERROR;
				CLANG_WARN_UNREACHABLE_CODE = YES;
				CLANG_WARN__DUPLICATE_METHOD_MATCH = YES;
				"CODE_SIGN_IDENTITY[sdk=iphoneos*]" = "iPhone Developer";
				COPY_PHASE_STRIP = NO;
				DEBUG_INFORMATION_FORMAT = dwarf;
				ENABLE_STRICT_OBJC_MSGSEND = YES;
				ENABLE_TESTABILITY = YES;
				GCC_C_LANGUAGE_STANDARD = gnu99;
				GCC_DYNAMIC_NO_PIC = NO;
				GCC_NO_COMMON_BLOCKS = YES;
				GCC_OPTIMIZATION_LEVEL = 0;
				GCC_PREPROCESSOR_DEFINITIONS = (
					"DEBUG=1",
					"$(inherited)",
				);
				GCC_WARN_64_TO_32_BIT_CONVERSION = YES;
				GCC_WARN_ABOUT_RETURN_TYPE = YES_ERROR;
				GCC_WARN_UNDECLARED_SELECTOR = YES;
				GCC_WARN_UNINITIALIZED_AUTOS = YES_AGGRESSIVE;
				GCC_WARN_UNUSED_FUNCTION = YES;
				GCC_WARN_UNUSED_VARIABLE = YES;
				IPHONEOS_DEPLOYMENT_TARGET = 9.2;
				MTL_ENABLE_DEBUG_INFO = YES;
				ONLY_ACTIVE_ARCH = YES;
				SDKROOT = iphoneos;
				SWIFT_OPTIMIZATION_LEVEL = "-Onone";
			};
			name = Debug;
		};
		72FBE9F51C9C4DA50084A2BA /* Release */ = {
			isa = XCBuildConfiguration;
			buildSettings = {
				ALWAYS_SEARCH_USER_PATHS = NO;
				CLANG_CXX_LANGUAGE_STANDARD = "gnu++0x";
				CLANG_CXX_LIBRARY = "libc++";
				CLANG_ENABLE_MODULES = YES;
				CLANG_ENABLE_OBJC_ARC = YES;
				CLANG_WARN_BOOL_CONVERSION = YES;
				CLANG_WARN_CONSTANT_CONVERSION = YES;
				CLANG_WARN_DIRECT_OBJC_ISA_USAGE = YES_ERROR;
				CLANG_WARN_EMPTY_BODY = YES;
				CLANG_WARN_ENUM_CONVERSION = YES;
				CLANG_WARN_INT_CONVERSION = YES;
				CLANG_WARN_OBJC_ROOT_CLASS = YES_ERROR;
				CLANG_WARN_UNREACHABLE_CODE = YES;
				CLANG_WARN__DUPLICATE_METHOD_MATCH = YES;
				"CODE_SIGN_IDENTITY[sdk=iphoneos*]" = "iPhone Developer";
				COPY_PHASE_STRIP = NO;
				DEBUG_INFORMATION_FORMAT = "dwarf-with-dsym";
				ENABLE_NS_ASSERTIONS = NO;
				ENABLE_STRICT_OBJC_MSGSEND = YES;
				GCC_C_LANGUAGE_STANDARD = gnu99;
				GCC_NO_COMMON_BLOCKS = YES;
				GCC_WARN_64_TO_32_BIT_CONVERSION = YES;
				GCC_WARN_ABOUT_RETURN_TYPE = YES_ERROR;
				GCC_WARN_UNDECLARED_SELECTOR = YES;
				GCC_WARN_UNINITIALIZED_AUTOS = YES_AGGRESSIVE;
				GCC_WARN_UNUSED_FUNCTION = YES;
				GCC_WARN_UNUSED_VARIABLE = YES;
				IPHONEOS_DEPLOYMENT_TARGET = 9.2;
				MTL_ENABLE_DEBUG_INFO = NO;
				SDKROOT = iphoneos;
				VALIDATE_PRODUCT = YES;
			};
			name = Release;
		};
		72FBE9F71C9C4DA50084A2BA /* Debug */ = {
			isa = XCBuildConfiguration;
			buildSettings = {
				ASSETCATALOG_COMPILER_APPICON_NAME = AppIcon;
				INFOPLIST_FILE = SecondKadaiApp/Info.plist;
				LD_RUNPATH_SEARCH_PATHS = "$(inherited) @executable_path/Frameworks";
				PRODUCT_BUNDLE_IDENTIFIER = jp.techacademy.yoshifumi.hidaka.SecondKadaiApp;
				PRODUCT_NAME = "$(TARGET_NAME)";
			};
			name = Debug;
		};
		72FBE9F81C9C4DA50084A2BA /* Release */ = {
			isa = XCBuildConfiguration;
			buildSettings = {
				ASSETCATALOG_COMPILER_APPICON_NAME = AppIcon;
				INFOPLIST_FILE = SecondKadaiApp/Info.plist;
				LD_RUNPATH_SEARCH_PATHS = "$(inherited) @executable_path/Frameworks";
				PRODUCT_BUNDLE_IDENTIFIER = jp.techacademy.yoshifumi.hidaka.SecondKadaiApp;
				PRODUCT_NAME = "$(TARGET_NAME)";
			};
			name = Release;
		};
/* End XCBuildConfiguration section */

/* Begin XCConfigurationList section */
		72FBE9DF1C9C4DA50084A2BA /* Build configuration list for PBXProject "SecondKadaiApp" */ = {
			isa = XCConfigurationList;
			buildConfigurations = (
				72FBE9F41C9C4DA50084A2BA /* Debug */,
				72FBE9F51C9C4DA50084A2BA /* Release */,
			);
			defaultConfigurationIsVisible = 0;
			defaultConfigurationName = Release;
		};
		72FBE9F61C9C4DA50084A2BA /* Build configuration list for PBXNativeTarget "SecondKadaiApp" */ = {
			isa = XCConfigurationList;
			buildConfigurations = (
				72FBE9F71C9C4DA50084A2BA /* Debug */,
				72FBE9F81C9C4DA50084A2BA /* Release */,
			);
			defaultConfigurationIsVisible = 0;
		};
/* End XCConfigurationList section */
	};
	rootObject = 72FBE9DC1C9C4DA50084A2BA /* Project object */;
}
